
Microsoft Visual Studio Solution File, Format Version 12.00
# Visual Studio Version 16
VisualStudioVersion = 16.0.29001.49
MinimumVisualStudioVersion = 10.0.40219.1
Project("{FAE04EC0-301F-11D3-BF4B-00C04F79EFBC}") = "hello world", "hello world\hello world.csproj", "{3F660B6F-3681-457F-921D-A55B94CE3EBB}"
EndProject
Global
	GlobalSection(SolutionConfigurationPlatforms) = preSolution
		Debug|Any CPU = Debug|Any CPU
		Release|Any CPU = Release|Any CPU
	EndGlobalSection
	GlobalSection(ProjectConfigurationPlatforms) = postSolution
		{3F660B6F-3681-457F-921D-A55B94CE3EBB}.Debug|Any CPU.ActiveCfg = Debug|Any CPU
		{3F660B6F-3681-457F-921D-A55B94CE3EBB}.Debug|Any CPU.Build.0 = Debug|Any CPU
		{3F660B6F-3681-457F-921D-A55B94CE3EBB}.Release|Any CPU.ActiveCfg = Release|Any CPU
		{3F660B6F-3681-457F-921D-A55B94CE3EBB}.Release|Any CPU.Build.0 = Release|Any CPU
	EndGlobalSection
	GlobalSection(SolutionProperties) = preSolution
		HideSolutionNode = FALSE
	EndGlobalSection
	GlobalSection(ExtensibilityGlobals) = postSolution
		SolutionGuid = {16F97BB7-251D-4D41-A269-64B8DBA1A1FC}
	EndGlobalSection
EndGlobal
